// !$*UTF8*$!
{
	archiveVersion = 1;
	classes = {
	};
	objectVersion = 77;
	objects = {

/* Begin PBXContainerItemProxy section */
		A1912F622E3C2E5000569E7C /* PBXContainerItemProxy */ = {
			isa = PBXContainerItemProxy;
			containerPortal = A1912F4B2E3C2E4F00569E7C /* Project object */;
			proxyType = 1;
			remoteGlobalIDString = A1912F522E3C2E4F00569E7C;
			remoteInfo = Turtl;
		};
		A1912F6C2E3C2E5000569E7C /* PBXContainerItemProxy */ = {
			isa = PBXContainerItemProxy;
			containerPortal = A1912F4B2E3C2E4F00569E7C /* Project object */;
			proxyType = 1;
			remoteGlobalIDString = A1912F522E3C2E4F00569E7C;
			remoteInfo = Turtl;
		};
/* End PBXContainerItemProxy section */

/* Begin PBXFileReference section */
		A1912F532E3C2E4F00569E7C /* Turtl.app */ = {isa = PBXFileReference; explicitFileType = wrapper.application; includeInIndex = 0; path = Turtl.app; sourceTree = BUILT_PRODUCTS_DIR; };
		A1912F612E3C2E5000569E7C /* TurtlTests.xctest */ = {isa = PBXFileReference; explicitFileType = wrapper.cfbundle; includeInIndex = 0; path = TurtlTests.xctest; sourceTree = BUILT_PRODUCTS_DIR; };
		A1912F6B2E3C2E5000569E7C /* TurtlUITests.xctest */ = {isa = PBXFileReference; explicitFileType = wrapper.cfbundle; includeInIndex = 0; path = TurtlUITests.xctest; sourceTree = BUILT_PRODUCTS_DIR; };
/* End PBXFileReference section */

/* Begin PBXFileSystemSynchronizedBuildFileExceptionSet section */
		A1912F8B2E3C351C00569E7C /* Exceptions for "Turtl" folder in "Turtl" target */ = {
			isa = PBXFileSystemSynchronizedBuildFileExceptionSet;
			membershipExceptions = (
				Info.plist,
			);
			target = A1912F522E3C2E4F00569E7C /* Turtl */;
		};
/* End PBXFileSystemSynchronizedBuildFileExceptionSet section */

/* Begin PBXFileSystemSynchronizedRootGroup section */
		A1912F552E3C2E4F00569E7C /* Turtl */ = {
			isa = PBXFileSystemSynchronizedRootGroup;
			exceptions = (
				A1912F8B2E3C351C00569E7C /* Exceptions for "Turtl" folder in "Turtl" target */,
			);
			path = Turtl;
			sourceTree = "<group>";
		};
		A1912F642E3C2E5000569E7C /* TurtlTests */ = {
			isa = PBXFileSystemSynchronizedRootGroup;
			path = TurtlTests;
			sourceTree = "<group>";
		};
		A1912F6E2E3C2E5000569E7C /* TurtlUITests */ = {
			isa = PBXFileSystemSynchronizedRootGroup;
			path = TurtlUITests;
			sourceTree = "<group>";
		};
/* End PBXFileSystemSynchronizedRootGroup section */

/* Begin PBXFrameworksBuildPhase section */
		A1912F502E3C2E4F00569E7C /* Frameworks */ = {
			isa = PBXFrameworksBuildPhase;
			buildActionMask = 2147483647;
			files = (
			);
			runOnlyForDeploymentPostprocessing = 0;
		};
		A1912F5E2E3C2E5000569E7C /* Frameworks */ = {
			isa = PBXFrameworksBuildPhase;
			buildActionMask = 2147483647;
			files = (
			);
			runOnlyForDeploymentPostprocessing = 0;
		};
		A1912F682E3C2E5000569E7C /* Frameworks */ = {
			isa = PBXFrameworksBuildPhase;
			buildActionMask = 2147483647;
			files = (
			);
			runOnlyForDeploymentPostprocessing = 0;
		};
/* End PBXFrameworksBuildPhase section */

/* Begin PBXGroup section */
		A1912F4A2E3C2E4F00569E7C = {
			isa = PBXGroup;
			children = (
				A1912F552E3C2E4F00569E7C /* Turtl */,
				A1912F642E3C2E5000569E7C /* TurtlTests */,
				A1912F6E2E3C2E5000569E7C /* TurtlUITests */,
				A1912F542E3C2E4F00569E7C /* Products */,
			);
			sourceTree = "<group>";
		};
		A1912F542E3C2E4F00569E7C /* Products */ = {
			isa = PBXGroup;
			children = (
				A1912F532E3C2E4F00569E7C /* Turtl.app */,
				A1912F612E3C2E5000569E7C /* TurtlTests.xctest */,
				A1912F6B2E3C2E5000569E7C /* TurtlUITests.xctest */,
			);
			name = Products;
			sourceTree = "<group>";
		};
/* End PBXGroup section */

/* Begin PBXNativeTarget section */
		A1912F522E3C2E4F00569E7C /* Turtl */ = {
			isa = PBXNativeTarget;
			buildConfigurationList = A1912F752E3C2E5000569E7C /* Build configuration list for PBXNativeTarget "Turtl" */;
			buildPhases = (
				A1912F4F2E3C2E4F00569E7C /* Sources */,
				A1912F502E3C2E4F00569E7C /* Frameworks */,
				A1912F512E3C2E4F00569E7C /* Resources */,
			);
			buildRules = (
			);
			dependencies = (
			);
			fileSystemSynchronizedGroups = (
				A1912F552E3C2E4F00569E7C /* Turtl */,
			);
			name = Turtl;
			packageProductDependencies = (
			);
			productName = Turtl;
			productReference = A1912F532E3C2E4F00569E7C /* Turtl.app */;
			productType = "com.apple.product-type.application";
		};
		A1912F602E3C2E5000569E7C /* TurtlTests */ = {
			isa = PBXNativeTarget;
			buildConfigurationList = A1912F782E3C2E5000569E7C /* Build configuration list for PBXNativeTarget "TurtlTests" */;
			buildPhases = (
				A1912F5D2E3C2E5000569E7C /* Sources */,
				A1912F5E2E3C2E5000569E7C /* Frameworks */,
				A1912F5F2E3C2E5000569E7C /* Resources */,
			);
			buildRules = (
			);
			dependencies = (
				A1912F632E3C2E5000569E7C /* PBXTargetDependency */,
			);
			fileSystemSynchronizedGroups = (
				A1912F642E3C2E5000569E7C /* TurtlTests */,
			);
			name = TurtlTests;
			packageProductDependencies = (
			);
			productName = TurtlTests;
			productReference = A1912F612E3C2E5000569E7C /* TurtlTests.xctest */;
			productType = "com.apple.product-type.bundle.unit-test";
		};
		A1912F6A2E3C2E5000569E7C /* TurtlUITests */ = {
			isa = PBXNativeTarget;
			buildConfigurationList = A1912F7B2E3C2E5000569E7C /* Build configuration list for PBXNativeTarget "TurtlUITests" */;
			buildPhases = (
				A1912F672E3C2E5000569E7C /* Sources */,
				A1912F682E3C2E5000569E7C /* Frameworks */,
				A1912F692E3C2E5000569E7C /* Resources */,
			);
			buildRules = (
			);
			dependencies = (
				A1912F6D2E3C2E5000569E7C /* PBXTargetDependency */,
			);
			fileSystemSynchronizedGroups = (
				A1912F6E2E3C2E5000569E7C /* TurtlUITests */,
			);
			name = TurtlUITests;
			packageProductDependencies = (
			);
			productName = TurtlUITests;
			productReference = A1912F6B2E3C2E5000569E7C /* TurtlUITests.xctest */;
			productType = "com.apple.product-type.bundle.ui-testing";
		};
/* End PBXNativeTarget section */

/* Begin PBXProject section */
		A1912F4B2E3C2E4F00569E7C /* Project object */ = {
			isa = PBXProject;
			attributes = {
				BuildIndependentTargetsInParallel = 1;
				LastSwiftUpdateCheck = 1640;
				LastUpgradeCheck = 1640;
				TargetAttributes = {
					A1912F522E3C2E4F00569E7C = {
						CreatedOnToolsVersion = 16.4;
					};
					A1912F602E3C2E5000569E7C = {
						CreatedOnToolsVersion = 16.4;
						TestTargetID = A1912F522E3C2E4F00569E7C;
					};
					A1912F6A2E3C2E5000569E7C = {
						CreatedOnToolsVersion = 16.4;
						TestTargetID = A1912F522E3C2E4F00569E7C;
					};
				};
			};
			buildConfigurationList = A1912F4E2E3C2E4F00569E7C /* Build configuration list for PBXProject "Turtl" */;
			developmentRegion = en;
			hasScannedForEncodings = 0;
			knownRegions = (
				en,
				Base,
			);
			mainGroup = A1912F4A2E3C2E4F00569E7C;
			minimizedProjectReferenceProxies = 1;
			preferredProjectObjectVersion = 77;
			productRefGroup = A1912F542E3C2E4F00569E7C /* Products */;
			projectDirPath = "";
			projectRoot = "";
			targets = (
				A1912F522E3C2E4F00569E7C /* Turtl */,
				A1912F602E3C2E5000569E7C /* TurtlTests */,
				A1912F6A2E3C2E5000569E7C /* TurtlUITests */,
			);
		};
/* End PBXProject section */

/* Begin PBXResourcesBuildPhase section */
		A1912F512E3C2E4F00569E7C /* Resources */ = {
			isa = PBXResourcesBuildPhase;
			buildActionMask = 2147483647;
			files = (
			);
			runOnlyForDeploymentPostprocessing = 0;
		};
		A1912F5F2E3C2E5000569E7C /* Resources */ = {
			isa = PBXResourcesBuildPhase;
			buildActionMask = 2147483647;
			files = (
			);
			runOnlyForDeploymentPostprocessing = 0;
		};
		A1912F692E3C2E5000569E7C /* Resources */ = {
			isa = PBXResourcesBuildPhase;
			buildActionMask = 2147483647;
			files = (
			);
			runOnlyForDeploymentPostprocessing = 0;
		};
/* End PBXResourcesBuildPhase section */

/* Begin PBXSourcesBuildPhase section */
		A1912F4F2E3C2E4F00569E7C /* Sources */ = {
			isa = PBXSourcesBuildPhase;
			buildActionMask = 2147483647;
			files = (
			);
			runOnlyForDeploymentPostprocessing = 0;
		};
		A1912F5D2E3C2E5000569E7C /* Sources */ = {
			isa = PBXSourcesBuildPhase;
			buildActionMask = 2147483647;
			files = (
			);
			runOnlyForDeploymentPostprocessing = 0;
		};
		A1912F672E3C2E5000569E7C /* Sources */ = {
			isa = PBXSourcesBuildPhase;
			buildActionMask = 2147483647;
			files = (
			);
			runOnlyForDeploymentPostprocessing = 0;
		};
/* End PBXSourcesBuildPhase section */

/* Begin PBXTargetDependency section */
		A1912F632E3C2E5000569E7C /* PBXTargetDependency */ = {
			isa = PBXTargetDependency;
			target = A1912F522E3C2E4F00569E7C /* Turtl */;
			targetProxy = A1912F622E3C2E5000569E7C /* PBXContainerItemProxy */;
		};
		A1912F6D2E3C2E5000569E7C /* PBXTargetDependency */ = {
			isa = PBXTargetDependency;
			target = A1912F522E3C2E4F00569E7C /* Turtl */;
			targetProxy = A1912F6C2E3C2E5000569E7C /* PBXContainerItemProxy */;
		};
/* End PBXTargetDependency section */

/* Begin XCBuildConfiguration section */
		A1912F732E3C2E5000569E7C /* Debug */ = {
			isa = XCBuildConfiguration;
			buildSettings = {
				ALWAYS_SEARCH_USER_PATHS = NO;
				ASSETCATALOG_COMPILER_GENERATE_SWIFT_ASSET_SYMBOL_EXTENSIONS = YES;
				CLANG_ANALYZER_NONNULL = YES;
				CLANG_ANALYZER_NUMBER_OBJECT_CONVERSION = YES_AGGRESSIVE;
				CLANG_CXX_LANGUAGE_STANDARD = "gnu++20";
				CLANG_ENABLE_MODULES = YES;
				CLANG_ENABLE_OBJC_ARC = YES;
				CLANG_ENABLE_OBJC_WEAK = YES;
				CLANG_WARN_BLOCK_CAPTURE_AUTORELEASING = YES;
				CLANG_WARN_BOOL_CONVERSION = YES;
				CLANG_WARN_COMMA = YES;
				CLANG_WARN_CONSTANT_CONVERSION = YES;
				CLANG_WARN_DEPRECATED_OBJC_IMPLEMENTATIONS = YES;
				CLANG_WARN_DIRECT_OBJC_ISA_USAGE = YES_ERROR;
				CLANG_WARN_DOCUMENTATION_COMMENTS = YES;
				CLANG_WARN_EMPTY_BODY = YES;
				CLANG_WARN_ENUM_CONVERSION = YES;
				CLANG_WARN_INFINITE_RECURSION = YES;
				CLANG_WARN_INT_CONVERSION = YES;
				CLANG_WARN_NON_LITERAL_NULL_CONVERSION = YES;
				CLANG_WARN_OBJC_IMPLICIT_RETAIN_SELF = YES;
				CLANG_WARN_OBJC_LITERAL_CONVERSION = YES;
				CLANG_WARN_OBJC_ROOT_CLASS = YES_ERROR;
				CLANG_WARN_QUOTED_INCLUDE_IN_FRAMEWORK_HEADER = YES;
				CLANG_WARN_RANGE_LOOP_ANALYSIS = YES;
				CLANG_WARN_STRICT_PROTOTYPES = YES;
				CLANG_WARN_SUSPICIOUS_MOVE = YES;
				CLANG_WARN_UNGUARDED_AVAILABILITY = YES_AGGRESSIVE;
				CLANG_WARN_UNREACHABLE_CODE = YES;
				CLANG_WARN__DUPLICATE_METHOD_MATCH = YES;
				COPY_PHASE_STRIP = NO;
				DEBUG_INFORMATION_FORMAT = dwarf;
				DEVELOPMENT_TEAM = AVN266B55U;
				ENABLE_STRICT_OBJC_MSGSEND = YES;
				ENABLE_TESTABILITY = YES;
				ENABLE_USER_SCRIPT_SANDBOXING = YES;
				GCC_C_LANGUAGE_STANDARD = gnu17;
				GCC_DYNAMIC_NO_PIC = NO;
				GCC_NO_COMMON_BLOCKS = YES;
				GCC_OPTIMIZATION_LEVEL = 0;
				GCC_PREPROCESSOR_DEFINITIONS = (
					"DEBUG=1",
					"$(inherited)",
				);
				GCC_WARN_64_TO_32_BIT_CONVERSION = YES;
				GCC_WARN_ABOUT_RETURN_TYPE = YES_ERROR;
				GCC_WARN_UNDECLARED_SELECTOR = YES;
				GCC_WARN_UNINITIALIZED_AUTOS = YES_AGGRESSIVE;
				GCC_WARN_UNUSED_FUNCTION = YES;
				GCC_WARN_UNUSED_VARIABLE = YES;
				LOCALIZATION_PREFERS_STRING_CATALOGS = YES;
				MACOSX_DEPLOYMENT_TARGET = 15.3;
				MTL_ENABLE_DEBUG_INFO = INCLUDE_SOURCE;
				MTL_FAST_MATH = YES;
				ONLY_ACTIVE_ARCH = YES;
				SDKROOT = macosx;
				SWIFT_ACTIVE_COMPILATION_CONDITIONS = "DEBUG $(inherited)";
				SWIFT_OPTIMIZATION_LEVEL = "-Onone";
			};
			name = Debug;
		};
		A1912F742E3C2E5000569E7C /* Release */ = {
			isa = XCBuildConfiguration;
			buildSettings = {
				ALWAYS_SEARCH_USER_PATHS = NO;
				ASSETCATALOG_COMPILER_GENERATE_SWIFT_ASSET_SYMBOL_EXTENSIONS = YES;
				CLANG_ANALYZER_NONNULL = YES;
				CLANG_ANALYZER_NUMBER_OBJECT_CONVERSION = YES_AGGRESSIVE;
				CLANG_CXX_LANGUAGE_STANDARD = "gnu++20";
				CLANG_ENABLE_MODULES = YES;
				CLANG_ENABLE_OBJC_ARC = YES;
				CLANG_ENABLE_OBJC_WEAK = YES;
				CLANG_WARN_BLOCK_CAPTURE_AUTORELEASING = YES;
				CLANG_WARN_BOOL_CONVERSION = YES;
				CLANG_WARN_COMMA = YES;
				CLANG_WARN_CONSTANT_CONVERSION = YES;
				CLANG_WARN_DEPRECATED_OBJC_IMPLEMENTATIONS = YES;
				CLANG_WARN_DIRECT_OBJC_ISA_USAGE = YES_ERROR;
				CLANG_WARN_DOCUMENTATION_COMMENTS = YES;
				CLANG_WARN_EMPTY_BODY = YES;
				CLANG_WARN_ENUM_CONVERSION = YES;
				CLANG_WARN_INFINITE_RECURSION = YES;
				CLANG_WARN_INT_CONVERSION = YES;
				CLANG_WARN_NON_LITERAL_NULL_CONVERSION = YES;
				CLANG_WARN_OBJC_IMPLICIT_RETAIN_SELF = YES;
				CLANG_WARN_OBJC_LITERAL_CONVERSION = YES;
				CLANG_WARN_OBJC_ROOT_CLASS = YES_ERROR;
				CLANG_WARN_QUOTED_INCLUDE_IN_FRAMEWORK_HEADER = YES;
				CLANG_WARN_RANGE_LOOP_ANALYSIS = YES;
				CLANG_WARN_STRICT_PROTOTYPES = YES;
				CLANG_WARN_SUSPICIOUS_MOVE = YES;
				CLANG_WARN_UNGUARDED_AVAILABILITY = YES_AGGRESSIVE;
				CLANG_WARN_UNREACHABLE_CODE = YES;
				CLANG_WARN__DUPLICATE_METHOD_MATCH = YES;
				COPY_PHASE_STRIP = NO;
				DEBUG_INFORMATION_FORMAT = "dwarf-with-dsym";
				DEVELOPMENT_TEAM = AVN266B55U;
				ENABLE_NS_ASSERTIONS = NO;
				ENABLE_STRICT_OBJC_MSGSEND = YES;
				ENABLE_USER_SCRIPT_SANDBOXING = YES;
				GCC_C_LANGUAGE_STANDARD = gnu17;
				GCC_NO_COMMON_BLOCKS = YES;
				GCC_WARN_64_TO_32_BIT_CONVERSION = YES;
				GCC_WARN_ABOUT_RETURN_TYPE = YES_ERROR;
				GCC_WARN_UNDECLARED_SELECTOR = YES;
				GCC_WARN_UNINITIALIZED_AUTOS = YES_AGGRESSIVE;
				GCC_WARN_UNUSED_FUNCTION = YES;
				GCC_WARN_UNUSED_VARIABLE = YES;
				LOCALIZATION_PREFERS_STRING_CATALOGS = YES;
				MACOSX_DEPLOYMENT_TARGET = 15.3;
				MTL_ENABLE_DEBUG_INFO = NO;
				MTL_FAST_MATH = YES;
				SDKROOT = macosx;
				SWIFT_COMPILATION_MODE = wholemodule;
			};
			name = Release;
		};
		A1912F762E3C2E5000569E7C /* Debug */ = {
			isa = XCBuildConfiguration;
			buildSettings = {
				ASSETCATALOG_COMPILER_APPICON_NAME = AppIcon;
				ASSETCATALOG_COMPILER_GLOBAL_ACCENT_COLOR_NAME = AccentColor;
				CODE_SIGN_ENTITLEMENTS = Turtl/Turtl.entitlements;
				"CODE_SIGN_IDENTITY[sdk=macosx*]" = "Apple Development";
				CODE_SIGN_STYLE = Automatic;
				COMBINE_HIDPI_IMAGES = YES;
				CURRENT_PROJECT_VERSION = 1;
				DEVELOPMENT_TEAM = AVN266B55U;
				ENABLE_HARDENED_RUNTIME = YES;
				ENABLE_PREVIEWS = YES;
				GENERATE_INFOPLIST_FILE = YES;
				INFOPLIST_FILE = Turtl/Info.plist;
				INFOPLIST_KEY_CFBundleDisplayName = Turtl;
				INFOPLIST_KEY_LSApplicationCategoryType = "";
				INFOPLIST_KEY_NSCalendarsUsageDescription = "Turtl needs access to your calendar to schedule your tasks at the optimal time.";
				INFOPLIST_KEY_NSHumanReadableCopyright = "";
				LD_RUNPATH_SEARCH_PATHS = (
					"$(inherited)",
					"@executable_path/../Frameworks",
				);
				MARKETING_VERSION = 1.2;
				PRODUCT_BUNDLE_IDENTIFIER = charvibansal.Turtl;
				PRODUCT_NAME = "$(TARGET_NAME)";
				REGISTER_APP_GROUPS = YES;
				SWIFT_EMIT_LOC_STRINGS = YES;
				SWIFT_VERSION = 5.0;
			};
			name = Debug;
		};
		A1912F772E3C2E5000569E7C /* Release */ = {
			isa = XCBuildConfiguration;
			buildSettings = {
				ASSETCATALOG_COMPILER_APPICON_NAME = AppIcon;
				ASSETCATALOG_COMPILER_GLOBAL_ACCENT_COLOR_NAME = AccentColor;
				CODE_SIGN_ENTITLEMENTS = Turtl/Turtl.entitlements;
				"CODE_SIGN_IDENTITY[sdk=macosx*]" = "Apple Development";
				CODE_SIGN_STYLE = Automatic;
				COMBINE_HIDPI_IMAGES = YES;
				CURRENT_PROJECT_VERSION = 1;
				DEVELOPMENT_TEAM = AVN266B55U;
				ENABLE_HARDENED_RUNTIME = YES;
				ENABLE_PREVIEWS = YES;
				GENERATE_INFOPLIST_FILE = YES;
				INFOPLIST_FILE = Turtl/Info.plist;
				INFOPLIST_KEY_CFBundleDisplayName = Turtl;
				INFOPLIST_KEY_LSApplicationCategoryType = "";
				INFOPLIST_KEY_NSCalendarsUsageDescription = "Turtl needs access to your calendar to schedule your tasks at the optimal time.";
				INFOPLIST_KEY_NSHumanReadableCopyright = "";
				LD_RUNPATH_SEARCH_PATHS = (
					"$(inherited)",
					"@executable_path/../Frameworks",
				);
				MARKETING_VERSION = 1.2;
				PRODUCT_BUNDLE_IDENTIFIER = charvibansal.Turtl;
				PRODUCT_NAME = "$(TARGET_NAME)";
				REGISTER_APP_GROUPS = YES;
				SWIFT_EMIT_LOC_STRINGS = YES;
				SWIFT_VERSION = 5.0;
			};
			name = Release;
		};
		A1912F792E3C2E5000569E7C /* Debug */ = {
			isa = XCBuildConfiguration;
			buildSettings = {
				BUNDLE_LOADER = "$(TEST_HOST)";
				CODE_SIGN_STYLE = Automatic;
				CURRENT_PROJECT_VERSION = 1;
				DEVELOPMENT_TEAM = AVN266B55U;
				GENERATE_INFOPLIST_FILE = YES;
				MACOSX_DEPLOYMENT_TARGET = 15.3;
				MARKETING_VERSION = 1.0;
				PRODUCT_BUNDLE_IDENTIFIER = charvibansal.TurtlTests;
				PRODUCT_NAME = "$(TARGET_NAME)";
				SWIFT_EMIT_LOC_STRINGS = NO;
				SWIFT_VERSION = 5.0;
				TEST_HOST = "$(BUILT_PRODUCTS_DIR)/Turtl.app/$(BUNDLE_EXECUTABLE_FOLDER_PATH)/Turtl";
			};
			name = Debug;
		};
		A1912F7A2E3C2E5000569E7C /* Release */ = {
			isa = XCBuildConfiguration;
			buildSettings = {
				BUNDLE_LOADER = "$(TEST_HOST)";
				CODE_SIGN_STYLE = Automatic;
				CURRENT_PROJECT_VERSION = 1;
				DEVELOPMENT_TEAM = AVN266B55U;
				GENERATE_INFOPLIST_FILE = YES;
				MACOSX_DEPLOYMENT_TARGET = 15.3;
				MARKETING_VERSION = 1.0;
				PRODUCT_BUNDLE_IDENTIFIER = charvibansal.TurtlTests;
				PRODUCT_NAME = "$(TARGET_NAME)";
				SWIFT_EMIT_LOC_STRINGS = NO;
				SWIFT_VERSION = 5.0;
				TEST_HOST = "$(BUILT_PRODUCTS_DIR)/Turtl.app/$(BUNDLE_EXECUTABLE_FOLDER_PATH)/Turtl";
			};
			name = Release;
		};
		A1912F7C2E3C2E5000569E7C /* Debug */ = {
			isa = XCBuildConfiguration;
			buildSettings = {
				CODE_SIGN_STYLE = Automatic;
				CURRENT_PROJECT_VERSION = 1;
				DEVELOPMENT_TEAM = AVN266B55U;
				GENERATE_INFOPLIST_FILE = YES;
				MARKETING_VERSION = 1.0;
				PRODUCT_BUNDLE_IDENTIFIER = charvibansal.TurtlUITests;
				PRODUCT_NAME = "$(TARGET_NAME)";
				SWIFT_EMIT_LOC_STRINGS = NO;
				SWIFT_VERSION = 5.0;
				TEST_TARGET_NAME = Turtl;
			};
			name = Debug;
		};
		A1912F7D2E3C2E5000569E7C /* Release */ = {
			isa = XCBuildConfiguration;
			buildSettings = {
				CODE_SIGN_STYLE = Automatic;
				CURRENT_PROJECT_VERSION = 1;
				DEVELOPMENT_TEAM = AVN266B55U;
				GENERATE_INFOPLIST_FILE = YES;
				MARKETING_VERSION = 1.0;
				PRODUCT_BUNDLE_IDENTIFIER = charvibansal.TurtlUITests;
				PRODUCT_NAME = "$(TARGET_NAME)";
				SWIFT_EMIT_LOC_STRINGS = NO;
				SWIFT_VERSION = 5.0;
				TEST_TARGET_NAME = Turtl;
			};
			name = Release;
		};
/* End XCBuildConfiguration section */

/* Begin XCConfigurationList section */
		A1912F4E2E3C2E4F00569E7C /* Build configuration list for PBXProject "Turtl" */ = {
			isa = XCConfigurationList;
			buildConfigurations = (
				A1912F732E3C2E5000569E7C /* Debug */,
				A1912F742E3C2E5000569E7C /* Release */,
			);
			defaultConfigurationIsVisible = 0;
			defaultConfigurationName = Release;
		};
		A1912F752E3C2E5000569E7C /* Build configuration list for PBXNativeTarget "Turtl" */ = {
			isa = XCConfigurationList;
			buildConfigurations = (
				A1912F762E3C2E5000569E7C /* Debug */,
				A1912F772E3C2E5000569E7C /* Release */,
			);
			defaultConfigurationIsVisible = 0;
			defaultConfigurationName = Release;
		};
		A1912F782E3C2E5000569E7C /* Build configuration list for PBXNativeTarget "TurtlTests" */ = {
			isa = XCConfigurationList;
			buildConfigurations = (
				A1912F792E3C2E5000569E7C /* Debug */,
				A1912F7A2E3C2E5000569E7C /* Release */,
			);
			defaultConfigurationIsVisible = 0;
			defaultConfigurationName = Release;
		};
		A1912F7B2E3C2E5000569E7C /* Build configuration list for PBXNativeTarget "TurtlUITests" */ = {
			isa = XCConfigurationList;
			buildConfigurations = (
				A1912F7C2E3C2E5000569E7C /* Debug */,
				A1912F7D2E3C2E5000569E7C /* Release */,
			);
			defaultConfigurationIsVisible = 0;
			defaultConfigurationName = Release;
		};
/* End XCConfigurationList section */
	};
	rootObject = A1912F4B2E3C2E4F00569E7C /* Project object */;
}
